
Microsoft Visual Studio Solution File, Format Version 12.00
# Visual Studio Version 16
VisualStudioVersion = 16.0.30011.22
MinimumVisualStudioVersion = 10.0.40219.1
Project("{9A19103F-16F7-4668-BE54-9A1E7A4F7556}") = "IP-Framework", "IP-Framework\IP-Framework.csproj", "{43887424-C58B-4860-AF53-218AC981FF46}"
EndProject
Project("{FAE04EC0-301F-11D3-BF4B-00C04F79EFBC}") = "IP-FrameworkTests", "IP-FrameworkTests\IP-FrameworkTests.csproj", "{221D9735-28EF-4302-B734-9542FA588C2D}"
EndProject
Global
	GlobalSection(SolutionConfigurationPlatforms) = preSolution
		Debug|Any CPU = Debug|Any CPU
		Release|Any CPU = Release|Any CPU
	EndGlobalSection
	GlobalSection(ProjectConfigurationPlatforms) = postSolution
		{43887424-C58B-4860-AF53-218AC981FF46}.Debug|Any CPU.ActiveCfg = Debug|Any CPU
		{43887424-C58B-4860-AF53-218AC981FF46}.Debug|Any CPU.Build.0 = Debug|Any CPU
		{43887424-C58B-4860-AF53-218AC981FF46}.Release|Any CPU.ActiveCfg = Release|Any CPU
		{43887424-C58B-4860-AF53-218AC981FF46}.Release|Any CPU.Build.0 = Release|Any CPU
		{221D9735-28EF-4302-B734-9542FA588C2D}.Debug|Any CPU.ActiveCfg = Debug|Any CPU
		{221D9735-28EF-4302-B734-9542FA588C2D}.Debug|Any CPU.Build.0 = Debug|Any CPU
		{221D9735-28EF-4302-B734-9542FA588C2D}.Release|Any CPU.ActiveCfg = Release|Any CPU
		{221D9735-28EF-4302-B734-9542FA588C2D}.Release|Any CPU.Build.0 = Release|Any CPU
	EndGlobalSection
	GlobalSection(SolutionProperties) = preSolution
		HideSolutionNode = FALSE
	EndGlobalSection
	GlobalSection(ExtensibilityGlobals) = postSolution
		SolutionGuid = {FFF5EC8E-9206-4BE8-8EA0-B6733F092B31}
	EndGlobalSection
EndGlobal
